
Microsoft Visual Studio Solution File, Format Version 12.00
# Visual Studio 15
VisualStudioVersion = 15.0.28010.2041
MinimumVisualStudioVersion = 10.0.40219.1
Project("{FAE04EC0-301F-11D3-BF4B-00C04F79EFBC}") = "eBookManager", "eBookManager\eBookManager.csproj", "{AC2F06C6-AD47-47BA-852B-FC322B85E328}"
EndProject
Project("{FAE04EC0-301F-11D3-BF4B-00C04F79EFBC}") = "eBookManager.Engine", "eBookManager.Engine\eBookManager.Engine.csproj", "{32D3C4D1-97CC-484C-BF52-EDE38A696C1F}"
EndProject
Project("{FAE04EC0-301F-11D3-BF4B-00C04F79EFBC}") = "eBookManager.Helper", "eBookManager.Helper\eBookManager.Helper.csproj", "{E14CBC2A-B10D-427A-88F4-315CE099B25E}"
EndProject
Global
	GlobalSection(SolutionConfigurationPlatforms) = preSolution
		Debug|Any CPU = Debug|Any CPU
		Release|Any CPU = Release|Any CPU
	EndGlobalSection
	GlobalSection(ProjectConfigurationPlatforms) = postSolution
		{AC2F06C6-AD47-47BA-852B-FC322B85E328}.Debug|Any CPU.ActiveCfg = Debug|Any CPU
		{AC2F06C6-AD47-47BA-852B-FC322B85E328}.Debug|Any CPU.Build.0 = Debug|Any CPU
		{AC2F06C6-AD47-47BA-852B-FC322B85E328}.Release|Any CPU.ActiveCfg = Release|Any CPU
		{AC2F06C6-AD47-47BA-852B-FC322B85E328}.Release|Any CPU.Build.0 = Release|Any CPU
		{32D3C4D1-97CC-484C-BF52-EDE38A696C1F}.Debug|Any CPU.ActiveCfg = Debug|Any CPU
		{32D3C4D1-97CC-484C-BF52-EDE38A696C1F}.Debug|Any CPU.Build.0 = Debug|Any CPU
		{32D3C4D1-97CC-484C-BF52-EDE38A696C1F}.Release|Any CPU.ActiveCfg = Release|Any CPU
		{32D3C4D1-97CC-484C-BF52-EDE38A696C1F}.Release|Any CPU.Build.0 = Release|Any CPU
		{E14CBC2A-B10D-427A-88F4-315CE099B25E}.Debug|Any CPU.ActiveCfg = Debug|Any CPU
		{E14CBC2A-B10D-427A-88F4-315CE099B25E}.Debug|Any CPU.Build.0 = Debug|Any CPU
		{E14CBC2A-B10D-427A-88F4-315CE099B25E}.Release|Any CPU.ActiveCfg = Release|Any CPU
		{E14CBC2A-B10D-427A-88F4-315CE099B25E}.Release|Any CPU.Build.0 = Release|Any CPU
	EndGlobalSection
	GlobalSection(SolutionProperties) = preSolution
		HideSolutionNode = FALSE
	EndGlobalSection
	GlobalSection(ExtensibilityGlobals) = postSolution
		SolutionGuid = {A42A3AE5-6382-47F9-87BA-2F4309CBE30A}
	EndGlobalSection
EndGlobal
